
Microsoft Visual Studio Solution File, Format Version 12.00
# Visual Studio 15
Project("{FAE04EC0-301F-11D3-BF4B-00C04F79EFBC}") = "MeanMedianMode", "MeanMedianMode.csproj", "{652E2092-C8BA-4D26-920C-5E09841616A1}"
EndProject
Global
	GlobalSection(SolutionConfigurationPlatforms) = preSolution
		Debug|Any CPU = Debug|Any CPU
		Release|Any CPU = Release|Any CPU
	EndGlobalSection
	GlobalSection(ProjectConfigurationPlatforms) = postSolution
		{652E2092-C8BA-4D26-920C-5E09841616A1}.Debug|Any CPU.ActiveCfg = Debug|Any CPU
		{652E2092-C8BA-4D26-920C-5E09841616A1}.Debug|Any CPU.Build.0 = Debug|Any CPU
		{652E2092-C8BA-4D26-920C-5E09841616A1}.Release|Any CPU.ActiveCfg = Release|Any CPU
		{652E2092-C8BA-4D26-920C-5E09841616A1}.Release|Any CPU.Build.0 = Release|Any CPU
	EndGlobalSection
EndGlobal
